
Microsoft Visual Studio Solution File, Format Version 12.00
# Visual Studio 14
VisualStudioVersion = 14.0.25420.1
MinimumVisualStudioVersion = 10.0.40219.1
Project("{FAE04EC0-301F-11D3-BF4B-00C04F79EFBC}") = "SIVIO.UI", "SIVIO.UI\SIVIO.UI.csproj", "{157A674B-CB61-4A27-A0AD-4599099E470C}"
EndProject
Project("{FAE04EC0-301F-11D3-BF4B-00C04F79EFBC}") = "SIVIO.Entidades", "SIVIO.Entidades\SIVIO.Entidades.csproj", "{C6378732-DDDB-4348-A0A3-49811872203F}"
EndProject
Project("{FAE04EC0-301F-11D3-BF4B-00C04F79EFBC}") = "SIVIO.AccesoDatos", "SIVIO.AccesoDatos\SIVIO.AccesoDatos.csproj", "{AF6F3493-0F38-4449-8BF2-7D0AB1F9A5F0}"
EndProject
Project("{FAE04EC0-301F-11D3-BF4B-00C04F79EFBC}") = "COMUN_MODELO", "COMUN_MODELO\COMUN_MODELO.csproj", "{F61328BC-DD55-4F0C-BC99-15B35899C934}"
EndProject
Global
	GlobalSection(SolutionConfigurationPlatforms) = preSolution
		Debug|Any CPU = Debug|Any CPU
		Release|Any CPU = Release|Any CPU
	EndGlobalSection
	GlobalSection(ProjectConfigurationPlatforms) = postSolution
		{157A674B-CB61-4A27-A0AD-4599099E470C}.Debug|Any CPU.ActiveCfg = Debug|Any CPU
		{157A674B-CB61-4A27-A0AD-4599099E470C}.Debug|Any CPU.Build.0 = Debug|Any CPU
		{157A674B-CB61-4A27-A0AD-4599099E470C}.Release|Any CPU.ActiveCfg = Release|Any CPU
		{157A674B-CB61-4A27-A0AD-4599099E470C}.Release|Any CPU.Build.0 = Release|Any CPU
		{C6378732-DDDB-4348-A0A3-49811872203F}.Debug|Any CPU.ActiveCfg = Debug|Any CPU
		{C6378732-DDDB-4348-A0A3-49811872203F}.Debug|Any CPU.Build.0 = Debug|Any CPU
		{C6378732-DDDB-4348-A0A3-49811872203F}.Release|Any CPU.ActiveCfg = Release|Any CPU
		{C6378732-DDDB-4348-A0A3-49811872203F}.Release|Any CPU.Build.0 = Release|Any CPU
		{AF6F3493-0F38-4449-8BF2-7D0AB1F9A5F0}.Debug|Any CPU.ActiveCfg = Debug|Any CPU
		{AF6F3493-0F38-4449-8BF2-7D0AB1F9A5F0}.Debug|Any CPU.Build.0 = Debug|Any CPU
		{AF6F3493-0F38-4449-8BF2-7D0AB1F9A5F0}.Release|Any CPU.ActiveCfg = Release|Any CPU
		{AF6F3493-0F38-4449-8BF2-7D0AB1F9A5F0}.Release|Any CPU.Build.0 = Release|Any CPU
		{F61328BC-DD55-4F0C-BC99-15B35899C934}.Debug|Any CPU.ActiveCfg = Debug|Any CPU
		{F61328BC-DD55-4F0C-BC99-15B35899C934}.Debug|Any CPU.Build.0 = Debug|Any CPU
		{F61328BC-DD55-4F0C-BC99-15B35899C934}.Release|Any CPU.ActiveCfg = Release|Any CPU
		{F61328BC-DD55-4F0C-BC99-15B35899C934}.Release|Any CPU.Build.0 = Release|Any CPU
	EndGlobalSection
	GlobalSection(SolutionProperties) = preSolution
		HideSolutionNode = FALSE
	EndGlobalSection
	GlobalSection(TeamFoundationVersionControl) = preSolution
		SccNumberOfProjects = 5
		SccEnterpriseProvider = {4CA58AB2-18FA-4F8D-95D4-32DDF27D184C}
		SccTeamFoundationServer = http://192.168.1.68:8080/tfs/inamu
		SccLocalPath0 = .
		SccProjectUniqueName1 = SIVIO.AccesoDatos\\SIVIO.AccesoDatos.csproj
		SccProjectName1 = SIVIO.AccesoDatos
		SccLocalPath1 = SIVIO.AccesoDatos
		SccProjectUniqueName2 = SIVIO.Entidades\\SIVIO.Entidades.csproj
		SccProjectName2 = SIVIO.Entidades
		SccLocalPath2 = SIVIO.Entidades
		SccProjectUniqueName3 = SIVIO.UI\\SIVIO.UI.csproj
		SccProjectName3 = SIVIO.UI
		SccLocalPath3 = SIVIO.UI
		SccProjectUniqueName4 = COMUN_MODELO\\COMUN_MODELO.csproj
		SccProjectName4 = COMUN_MODELO
		SccLocalPath4 = COMUN_MODELO
	EndGlobalSection
EndGlobal
